
Microsoft Visual Studio Solution File, Format Version 12.00
# Visual Studio Version 16
VisualStudioVersion = 16.0.30128.74
MinimumVisualStudioVersion = 10.0.40219.1
Project("{9A19103F-16F7-4668-BE54-9A1E7A4F7556}") = "API", "API\API.csproj", "{1AF67DA7-3D68-4C7E-8345-D0A25938C390}"
EndProject
Project("{00D1A9C2-B5F0-4AF3-8072-F6C62B433612}") = "Sql", "Sql\Sql.sqlproj", "{8FD35E6F-2D20-4B32-82EC-C904C20E575B}"
EndProject
Project("{9A19103F-16F7-4668-BE54-9A1E7A4F7556}") = "Repositorio", "Repositorio\Repositorio.csproj", "{9836355C-5E30-4816-AD90-E0673C78A01C}"
EndProject
Project("{9A19103F-16F7-4668-BE54-9A1E7A4F7556}") = "Dominio", "Dominio\Dominio.csproj", "{CEF0BC36-9895-4E84-95B1-C5CEFC1F95D2}"
EndProject
Project("{9A19103F-16F7-4668-BE54-9A1E7A4F7556}") = "Servico", "Servico\Servico.csproj", "{561D73C5-0818-4ADF-B500-008DAC2DA899}"
EndProject
Project("{9A19103F-16F7-4668-BE54-9A1E7A4F7556}") = "Web", "Web\Web.csproj", "{6EE1AA0E-DF1D-4E76-B8A0-AB4C6012F8BF}"
EndProject
Project("{2150E333-8FDC-42A3-9474-1A3956D46DE8}") = "test", "test", "{C6D8C70D-548D-4BCC-92E4-C74CE69EFF0A}"
EndProject
Project("{9A19103F-16F7-4668-BE54-9A1E7A4F7556}") = "API.test", "API.test\API.test.csproj", "{2972E52F-528E-4DA0-8559-9555D3385A71}"
EndProject
Project("{9A19103F-16F7-4668-BE54-9A1E7A4F7556}") = "Servico.Test", "Servico.Test\Servico.Test.csproj", "{B5E8C04D-FCEE-4FD6-8536-2DE8A39AA970}"
EndProject
Project("{2150E333-8FDC-42A3-9474-1A3956D46DE8}") = "Solution Items", "Solution Items", "{0A5A317A-C4C1-45C5-A5C3-5121CF083AFA}"
EndProject
Global
	GlobalSection(SolutionConfigurationPlatforms) = preSolution
		Debug|Any CPU = Debug|Any CPU
		Release|Any CPU = Release|Any CPU
	EndGlobalSection
	GlobalSection(ProjectConfigurationPlatforms) = postSolution
		{1AF67DA7-3D68-4C7E-8345-D0A25938C390}.Debug|Any CPU.ActiveCfg = Debug|Any CPU
		{1AF67DA7-3D68-4C7E-8345-D0A25938C390}.Debug|Any CPU.Build.0 = Debug|Any CPU
		{1AF67DA7-3D68-4C7E-8345-D0A25938C390}.Release|Any CPU.ActiveCfg = Release|Any CPU
		{1AF67DA7-3D68-4C7E-8345-D0A25938C390}.Release|Any CPU.Build.0 = Release|Any CPU
		{8FD35E6F-2D20-4B32-82EC-C904C20E575B}.Debug|Any CPU.ActiveCfg = Debug|Any CPU
		{8FD35E6F-2D20-4B32-82EC-C904C20E575B}.Debug|Any CPU.Build.0 = Debug|Any CPU
		{8FD35E6F-2D20-4B32-82EC-C904C20E575B}.Debug|Any CPU.Deploy.0 = Debug|Any CPU
		{8FD35E6F-2D20-4B32-82EC-C904C20E575B}.Release|Any CPU.ActiveCfg = Release|Any CPU
		{8FD35E6F-2D20-4B32-82EC-C904C20E575B}.Release|Any CPU.Build.0 = Release|Any CPU
		{8FD35E6F-2D20-4B32-82EC-C904C20E575B}.Release|Any CPU.Deploy.0 = Release|Any CPU
		{9836355C-5E30-4816-AD90-E0673C78A01C}.Debug|Any CPU.ActiveCfg = Debug|Any CPU
		{9836355C-5E30-4816-AD90-E0673C78A01C}.Debug|Any CPU.Build.0 = Debug|Any CPU
		{9836355C-5E30-4816-AD90-E0673C78A01C}.Release|Any CPU.ActiveCfg = Release|Any CPU
		{9836355C-5E30-4816-AD90-E0673C78A01C}.Release|Any CPU.Build.0 = Release|Any CPU
		{CEF0BC36-9895-4E84-95B1-C5CEFC1F95D2}.Debug|Any CPU.ActiveCfg = Debug|Any CPU
		{CEF0BC36-9895-4E84-95B1-C5CEFC1F95D2}.Debug|Any CPU.Build.0 = Debug|Any CPU
		{CEF0BC36-9895-4E84-95B1-C5CEFC1F95D2}.Release|Any CPU.ActiveCfg = Release|Any CPU
		{CEF0BC36-9895-4E84-95B1-C5CEFC1F95D2}.Release|Any CPU.Build.0 = Release|Any CPU
		{561D73C5-0818-4ADF-B500-008DAC2DA899}.Debug|Any CPU.ActiveCfg = Debug|Any CPU
		{561D73C5-0818-4ADF-B500-008DAC2DA899}.Debug|Any CPU.Build.0 = Debug|Any CPU
		{561D73C5-0818-4ADF-B500-008DAC2DA899}.Release|Any CPU.ActiveCfg = Release|Any CPU
		{561D73C5-0818-4ADF-B500-008DAC2DA899}.Release|Any CPU.Build.0 = Release|Any CPU
		{6EE1AA0E-DF1D-4E76-B8A0-AB4C6012F8BF}.Debug|Any CPU.ActiveCfg = Debug|Any CPU
		{6EE1AA0E-DF1D-4E76-B8A0-AB4C6012F8BF}.Debug|Any CPU.Build.0 = Debug|Any CPU
		{6EE1AA0E-DF1D-4E76-B8A0-AB4C6012F8BF}.Release|Any CPU.ActiveCfg = Release|Any CPU
		{6EE1AA0E-DF1D-4E76-B8A0-AB4C6012F8BF}.Release|Any CPU.Build.0 = Release|Any CPU
		{2972E52F-528E-4DA0-8559-9555D3385A71}.Debug|Any CPU.ActiveCfg = Debug|Any CPU
		{2972E52F-528E-4DA0-8559-9555D3385A71}.Debug|Any CPU.Build.0 = Debug|Any CPU
		{2972E52F-528E-4DA0-8559-9555D3385A71}.Release|Any CPU.ActiveCfg = Release|Any CPU
		{2972E52F-528E-4DA0-8559-9555D3385A71}.Release|Any CPU.Build.0 = Release|Any CPU
		{B5E8C04D-FCEE-4FD6-8536-2DE8A39AA970}.Debug|Any CPU.ActiveCfg = Debug|Any CPU
		{B5E8C04D-FCEE-4FD6-8536-2DE8A39AA970}.Debug|Any CPU.Build.0 = Debug|Any CPU
		{B5E8C04D-FCEE-4FD6-8536-2DE8A39AA970}.Release|Any CPU.ActiveCfg = Release|Any CPU
		{B5E8C04D-FCEE-4FD6-8536-2DE8A39AA970}.Release|Any CPU.Build.0 = Release|Any CPU
	EndGlobalSection
	GlobalSection(SolutionProperties) = preSolution
		HideSolutionNode = FALSE
	EndGlobalSection
	GlobalSection(NestedProjects) = preSolution
		{2972E52F-528E-4DA0-8559-9555D3385A71} = {C6D8C70D-548D-4BCC-92E4-C74CE69EFF0A}
		{B5E8C04D-FCEE-4FD6-8536-2DE8A39AA970} = {C6D8C70D-548D-4BCC-92E4-C74CE69EFF0A}
	EndGlobalSection
	GlobalSection(ExtensibilityGlobals) = postSolution
		SolutionGuid = {14D0156B-DEE4-4732-934A-C3440B0356DB}
	EndGlobalSection
EndGlobal
