
Microsoft Visual Studio Solution File, Format Version 12.00
# Visual Studio Version 16
VisualStudioVersion = 16.0.30128.74
MinimumVisualStudioVersion = 10.0.40219.1
Project("{9A19103F-16F7-4668-BE54-9A1E7A4F7556}") = "API", "API\API.csproj", "{1AF67DA7-3D68-4C7E-8345-D0A25938C390}"
EndProject
Project("{00D1A9C2-B5F0-4AF3-8072-F6C62B433612}") = "Sql", "Sql\Sql.sqlproj", "{8FD35E6F-2D20-4B32-82EC-C904C20E575B}"
EndProject
Project("{9A19103F-16F7-4668-BE54-9A1E7A4F7556}") = "Repositorio", "Repositorio\Repositorio.csproj", "{9836355C-5E30-4816-AD90-E0673C78A01C}"
EndProject
Project("{9A19103F-16F7-4668-BE54-9A1E7A4F7556}") = "Dominio", "Dominio\Dominio.csproj", "{CEF0BC36-9895-4E84-95B1-C5CEFC1F95D2}"
EndProject
Project("{FAE04EC0-301F-11D3-BF4B-00C04F79EFBC}") = "Servico", "Servico\Servico.csproj", "{561D73C5-0818-4ADF-B500-008DAC2DA899}"
EndProject
Global
	GlobalSection(SolutionConfigurationPlatforms) = preSolution
		Debug|Any CPU = Debug|Any CPU
		Release|Any CPU = Release|Any CPU
	EndGlobalSection
	GlobalSection(ProjectConfigurationPlatforms) = postSolution
		{1AF67DA7-3D68-4C7E-8345-D0A25938C390}.Debug|Any CPU.ActiveCfg = Debug|Any CPU
		{1AF67DA7-3D68-4C7E-8345-D0A25938C390}.Debug|Any CPU.Build.0 = Debug|Any CPU
		{1AF67DA7-3D68-4C7E-8345-D0A25938C390}.Release|Any CPU.ActiveCfg = Release|Any CPU
		{1AF67DA7-3D68-4C7E-8345-D0A25938C390}.Release|Any CPU.Build.0 = Release|Any CPU
		{8FD35E6F-2D20-4B32-82EC-C904C20E575B}.Debug|Any CPU.ActiveCfg = Debug|Any CPU
		{8FD35E6F-2D20-4B32-82EC-C904C20E575B}.Debug|Any CPU.Build.0 = Debug|Any CPU
		{8FD35E6F-2D20-4B32-82EC-C904C20E575B}.Debug|Any CPU.Deploy.0 = Debug|Any CPU
		{8FD35E6F-2D20-4B32-82EC-C904C20E575B}.Release|Any CPU.ActiveCfg = Release|Any CPU
		{8FD35E6F-2D20-4B32-82EC-C904C20E575B}.Release|Any CPU.Build.0 = Release|Any CPU
		{8FD35E6F-2D20-4B32-82EC-C904C20E575B}.Release|Any CPU.Deploy.0 = Release|Any CPU
		{9836355C-5E30-4816-AD90-E0673C78A01C}.Debug|Any CPU.ActiveCfg = Debug|Any CPU
		{9836355C-5E30-4816-AD90-E0673C78A01C}.Debug|Any CPU.Build.0 = Debug|Any CPU
		{9836355C-5E30-4816-AD90-E0673C78A01C}.Release|Any CPU.ActiveCfg = Release|Any CPU
		{9836355C-5E30-4816-AD90-E0673C78A01C}.Release|Any CPU.Build.0 = Release|Any CPU
		{CEF0BC36-9895-4E84-95B1-C5CEFC1F95D2}.Debug|Any CPU.ActiveCfg = Debug|Any CPU
		{CEF0BC36-9895-4E84-95B1-C5CEFC1F95D2}.Debug|Any CPU.Build.0 = Debug|Any CPU
		{CEF0BC36-9895-4E84-95B1-C5CEFC1F95D2}.Release|Any CPU.ActiveCfg = Release|Any CPU
		{CEF0BC36-9895-4E84-95B1-C5CEFC1F95D2}.Release|Any CPU.Build.0 = Release|Any CPU
		{561D73C5-0818-4ADF-B500-008DAC2DA899}.Debug|Any CPU.ActiveCfg = Debug|Any CPU
		{561D73C5-0818-4ADF-B500-008DAC2DA899}.Debug|Any CPU.Build.0 = Debug|Any CPU
		{561D73C5-0818-4ADF-B500-008DAC2DA899}.Release|Any CPU.ActiveCfg = Release|Any CPU
		{561D73C5-0818-4ADF-B500-008DAC2DA899}.Release|Any CPU.Build.0 = Release|Any CPU
	EndGlobalSection
	GlobalSection(SolutionProperties) = preSolution
		HideSolutionNode = FALSE
	EndGlobalSection
	GlobalSection(ExtensibilityGlobals) = postSolution
		SolutionGuid = {14D0156B-DEE4-4732-934A-C3440B0356DB}
	EndGlobalSection
EndGlobal
